
Microsoft Visual Studio Solution File, Format Version 12.00
# Visual Studio Version 16
VisualStudioVersion = 16.0.30028.174
MinimumVisualStudioVersion = 10.0.40219.1
Project("{FAE04EC0-301F-11D3-BF4B-00C04F79EFBC}") = "AspNetCore.HostedServices", "AspNetCore.HostedServices\AspNetCore.HostedServices.csproj", "{77B9D81A-A3CE-4228-BF3F-6C8AC289ED4D}"
EndProject
Project("{FAE04EC0-301F-11D3-BF4B-00C04F79EFBC}") = "ReadingDynamicValues", "ConsoleApp1\ReadingDynamicValues.csproj", "{36EDC25D-B9E3-4200-A19F-6179E6F49ABE}"
EndProject
Global
	GlobalSection(SolutionConfigurationPlatforms) = preSolution
		Debug|Any CPU = Debug|Any CPU
		Release|Any CPU = Release|Any CPU
	EndGlobalSection
	GlobalSection(ProjectConfigurationPlatforms) = postSolution
		{77B9D81A-A3CE-4228-BF3F-6C8AC289ED4D}.Debug|Any CPU.ActiveCfg = Debug|Any CPU
		{77B9D81A-A3CE-4228-BF3F-6C8AC289ED4D}.Debug|Any CPU.Build.0 = Debug|Any CPU
		{77B9D81A-A3CE-4228-BF3F-6C8AC289ED4D}.Release|Any CPU.ActiveCfg = Release|Any CPU
		{77B9D81A-A3CE-4228-BF3F-6C8AC289ED4D}.Release|Any CPU.Build.0 = Release|Any CPU
		{36EDC25D-B9E3-4200-A19F-6179E6F49ABE}.Debug|Any CPU.ActiveCfg = Debug|Any CPU
		{36EDC25D-B9E3-4200-A19F-6179E6F49ABE}.Debug|Any CPU.Build.0 = Debug|Any CPU
		{36EDC25D-B9E3-4200-A19F-6179E6F49ABE}.Release|Any CPU.ActiveCfg = Release|Any CPU
		{36EDC25D-B9E3-4200-A19F-6179E6F49ABE}.Release|Any CPU.Build.0 = Release|Any CPU
	EndGlobalSection
	GlobalSection(SolutionProperties) = preSolution
		HideSolutionNode = FALSE
	EndGlobalSection
	GlobalSection(ExtensibilityGlobals) = postSolution
		SolutionGuid = {23E5AF51-44E8-4CE3-B097-0512CEC92F6B}
	EndGlobalSection
EndGlobal
